
Microsoft Visual Studio Solution File, Format Version 11.00
# Visual Studio 2010
Project("{FAE04EC0-301F-11D3-BF4B-00C04F79EFBC}") = "Models.Finale", "ClassLibrary1\Models.Finale.csproj", "{4C6D37A6-F981-4C77-B36E-D8CFC8B8426F}"
EndProject
Global
	GlobalSection(SolutionConfigurationPlatforms) = preSolution
		Debug|Any CPU = Debug|Any CPU
		Release|Any CPU = Release|Any CPU
	EndGlobalSection
	GlobalSection(ProjectConfigurationPlatforms) = postSolution
		{4C6D37A6-F981-4C77-B36E-D8CFC8B8426F}.Debug|Any CPU.ActiveCfg = Debug|Any CPU
		{4C6D37A6-F981-4C77-B36E-D8CFC8B8426F}.Debug|Any CPU.Build.0 = Debug|Any CPU
		{4C6D37A6-F981-4C77-B36E-D8CFC8B8426F}.Release|Any CPU.ActiveCfg = Release|Any CPU
		{4C6D37A6-F981-4C77-B36E-D8CFC8B8426F}.Release|Any CPU.Build.0 = Release|Any CPU
	EndGlobalSection
	GlobalSection(SolutionProperties) = preSolution
		HideSolutionNode = FALSE
	EndGlobalSection
EndGlobal
